
Microsoft Visual Studio Solution File, Format Version 12.00
# Visual Studio 15
VisualStudioVersion = 15.0.28307.136
MinimumVisualStudioVersion = 10.0.40219.1
Project("{FAE04EC0-301F-11D3-BF4B-00C04F79EFBC}") = "WpfPhotoFrame", "WpfPhotoFrame\WpfPhotoFrame.csproj", "{1CEC1281-F71B-44DA-98E6-0CAB4456F0E3}"
EndProject
Project("{FAE04EC0-301F-11D3-BF4B-00C04F79EFBC}") = "WpfPhotoFrame.Demo", "WpfPhotoFrame.Demo\WpfPhotoFrame.Demo.csproj", "{9FAF49C0-98B0-436C-8043-C9B0CBF40A32}"
EndProject
Global
	GlobalSection(SolutionConfigurationPlatforms) = preSolution
		Debug|Any CPU = Debug|Any CPU
		Release|Any CPU = Release|Any CPU
	EndGlobalSection
	GlobalSection(ProjectConfigurationPlatforms) = postSolution
		{1CEC1281-F71B-44DA-98E6-0CAB4456F0E3}.Debug|Any CPU.ActiveCfg = Debug|Any CPU
		{1CEC1281-F71B-44DA-98E6-0CAB4456F0E3}.Debug|Any CPU.Build.0 = Debug|Any CPU
		{1CEC1281-F71B-44DA-98E6-0CAB4456F0E3}.Release|Any CPU.ActiveCfg = Release|Any CPU
		{1CEC1281-F71B-44DA-98E6-0CAB4456F0E3}.Release|Any CPU.Build.0 = Release|Any CPU
		{9FAF49C0-98B0-436C-8043-C9B0CBF40A32}.Debug|Any CPU.ActiveCfg = Debug|Any CPU
		{9FAF49C0-98B0-436C-8043-C9B0CBF40A32}.Debug|Any CPU.Build.0 = Debug|Any CPU
		{9FAF49C0-98B0-436C-8043-C9B0CBF40A32}.Release|Any CPU.ActiveCfg = Release|Any CPU
		{9FAF49C0-98B0-436C-8043-C9B0CBF40A32}.Release|Any CPU.Build.0 = Release|Any CPU
	EndGlobalSection
	GlobalSection(SolutionProperties) = preSolution
		HideSolutionNode = FALSE
	EndGlobalSection
	GlobalSection(ExtensibilityGlobals) = postSolution
		SolutionGuid = {6BB6D4A1-FAE6-402F-B980-AC083DAB04EA}
	EndGlobalSection
EndGlobal
